PODS:
  - SnapKit (5.0.0)
  - VueSwift (2.0.6)

DEPENDENCIES:
  - SnapKit
  - VueSwift

SPEC REPOS:
  https://github.com/cocoapods/specs.git:
    - SnapKit
    - VueSwift

SPEC CHECKSUMS:
  SnapKit: fd22d10eb9aff484d79a8724eab922c1ddf89bcf
  VueSwift: 45058fe7f9c70f46ec1a91b6a731b328a3cde7f6

PODFILE CHECKSUM: 925f28ddb5affcf25a76725dc4d28db15fe65fc7

COCOAPODS: 1.6.1
